// !$*UTF8*$!
{
	archiveVersion = 1;
	classes = {
	};
	objectVersion = 56;
	objects = {

/* Begin PBXBuildFile section */
		D351D543299219C60013616A /* ListTasksView.swift in Sources */ = {isa = PBXBuildFile; fileRef = D351D542299219C60013616A /* ListTasksView.swift */; };
		D39046F22990DCB9002AFF90 /* TodoApp.swift in Sources */ = {isa = PBXBuildFile; fileRef = D39046F12990DCB9002AFF90 /* TodoApp.swift */; };
		D39046F42990DCB9002AFF90 /* ContentView.swift in Sources */ = {isa = PBXBuildFile; fileRef = D39046F32990DCB9002AFF90 /* ContentView.swift */; };
		D39046F62990DCBA002AFF90 /* Assets.xcassets in Resources */ = {isa = PBXBuildFile; fileRef = D39046F52990DCBA002AFF90 /* Assets.xcassets */; };
		D39046F92990DCBA002AFF90 /* Preview Assets.xcassets in Resources */ = {isa = PBXBuildFile; fileRef = D39046F82990DCBA002AFF90 /* Preview Assets.xcassets */; };
		D39047022990DF29002AFF90 /* Task.swift in Sources */ = {isa = PBXBuildFile; fileRef = D39047012990DF29002AFF90 /* Task.swift */; };
		D390470529916139002AFF90 /* HeaderView.swift in Sources */ = {isa = PBXBuildFile; fileRef = D390470429916139002AFF90 /* HeaderView.swift */; };
		D3904707299161EB002AFF90 /* AddTaskView.swift in Sources */ = {isa = PBXBuildFile; fileRef = D3904706299161EB002AFF90 /* AddTaskView.swift */; };
		D390470C29916BD1002AFF90 /* TaskListVM.swift in Sources */ = {isa = PBXBuildFile; fileRef = D390470B29916BD1002AFF90 /* TaskListVM.swift */; };
/* End PBXBuildFile section */

/* Begin PBXFileReference section */
		D351D542299219C60013616A /* ListTasksView.swift */ = {isa = PBXFileReference; lastKnownFileType = sourcecode.swift; path = ListTasksView.swift; sourceTree = "<group>"; };
		D39046EE2990DCB9002AFF90 /* Todo.app */ = {isa = PBXFileReference; explicitFileType = wrapper.application; includeInIndex = 0; path = Todo.app; sourceTree = BUILT_PRODUCTS_DIR; };
		D39046F12990DCB9002AFF90 /* TodoApp.swift */ = {isa = PBXFileReference; lastKnownFileType = sourcecode.swift; path = TodoApp.swift; sourceTree = "<group>"; };
		D39046F32990DCB9002AFF90 /* ContentView.swift */ = {isa = PBXFileReference; lastKnownFileType = sourcecode.swift; path = ContentView.swift; sourceTree = "<group>"; };
		D39046F52990DCBA002AFF90 /* Assets.xcassets */ = {isa = PBXFileReference; lastKnownFileType = folder.assetcatalog; path = Assets.xcassets; sourceTree = "<group>"; };
		D39046F82990DCBA002AFF90 /* Preview Assets.xcassets */ = {isa = PBXFileReference; lastKnownFileType = folder.assetcatalog; path = "Preview Assets.xcassets"; sourceTree = "<group>"; };
		D39046FA2990DCBA002AFF90 /* Todo.entitlements */ = {isa = PBXFileReference; lastKnownFileType = text.plist.entitlements; path = Todo.entitlements; sourceTree = "<group>"; };
		D39047012990DF29002AFF90 /* Task.swift */ = {isa = PBXFileReference; lastKnownFileType = sourcecode.swift; path = Task.swift; sourceTree = "<group>"; };
		D390470429916139002AFF90 /* HeaderView.swift */ = {isa = PBXFileReference; lastKnownFileType = sourcecode.swift; path = HeaderView.swift; sourceTree = "<group>"; };
		D3904706299161EB002AFF90 /* AddTaskView.swift */ = {isa = PBXFileReference; lastKnownFileType = sourcecode.swift; path = AddTaskView.swift; sourceTree = "<group>"; };
		D390470B29916BD1002AFF90 /* TaskListVM.swift */ = {isa = PBXFileReference; lastKnownFileType = sourcecode.swift; path = TaskListVM.swift; sourceTree = "<group>"; };
/* End PBXFileReference section */

/* Begin PBXFrameworksBuildPhase section */
		D39046EB2990DCB9002AFF90 /* Frameworks */ = {
			isa = PBXFrameworksBuildPhase;
			buildActionMask = 2147483647;
			files = (
			);
			runOnlyForDeploymentPostprocessing = 0;
		};
/* End PBXFrameworksBuildPhase section */

/* Begin PBXGroup section */
		D39046E52990DCB9002AFF90 = {
			isa = PBXGroup;
			children = (
				D39046F02990DCB9002AFF90 /* Todo */,
				D39046EF2990DCB9002AFF90 /* Products */,
			);
			sourceTree = "<group>";
		};
		D39046EF2990DCB9002AFF90 /* Products */ = {
			isa = PBXGroup;
			children = (
				D39046EE2990DCB9002AFF90 /* Todo.app */,
			);
			name = Products;
			sourceTree = "<group>";
		};
		D39046F02990DCB9002AFF90 /* Todo */ = {
			isa = PBXGroup;
			children = (
				D390470829916AC6002AFF90 /* ViewModels */,
				D39047032990DFC1002AFF90 /* Views */,
				D39047002990DF19002AFF90 /* Models */,
				D39046F12990DCB9002AFF90 /* TodoApp.swift */,
				D39046F52990DCBA002AFF90 /* Assets.xcassets */,
				D39046FA2990DCBA002AFF90 /* Todo.entitlements */,
				D39046F72990DCBA002AFF90 /* Preview Content */,
			);
			path = Todo;
			sourceTree = "<group>";
		};
		D39046F72990DCBA002AFF90 /* Preview Content */ = {
			isa = PBXGroup;
			children = (
				D39046F82990DCBA002AFF90 /* Preview Assets.xcassets */,
			);
			path = "Preview Content";
			sourceTree = "<group>";
		};
		D39047002990DF19002AFF90 /* Models */ = {
			isa = PBXGroup;
			children = (
				D39047012990DF29002AFF90 /* Task.swift */,
			);
			path = Models;
			sourceTree = "<group>";
		};
		D39047032990DFC1002AFF90 /* Views */ = {
			isa = PBXGroup;
			children = (
				D39046F32990DCB9002AFF90 /* ContentView.swift */,
				D390470429916139002AFF90 /* HeaderView.swift */,
				D3904706299161EB002AFF90 /* AddTaskView.swift */,
				D351D542299219C60013616A /* ListTasksView.swift */,
			);
			path = Views;
			sourceTree = "<group>";
		};
		D390470829916AC6002AFF90 /* ViewModels */ = {
			isa = PBXGroup;
			children = (
				D390470B29916BD1002AFF90 /* TaskListVM.swift */,
			);
			path = ViewModels;
			sourceTree = "<group>";
		};
/* End PBXGroup section */

/* Begin PBXNativeTarget section */
		D39046ED2990DCB9002AFF90 /* Todo */ = {
			isa = PBXNativeTarget;
			buildConfigurationList = D39046FD2990DCBA002AFF90 /* Build configuration list for PBXNativeTarget "Todo" */;
			buildPhases = (
				D39046EA2990DCB9002AFF90 /* Sources */,
				D39046EB2990DCB9002AFF90 /* Frameworks */,
				D39046EC2990DCB9002AFF90 /* Resources */,
			);
			buildRules = (
			);
			dependencies = (
			);
			name = Todo;
			productName = Todo;
			productReference = D39046EE2990DCB9002AFF90 /* Todo.app */;
			productType = "com.apple.product-type.application";
		};
/* End PBXNativeTarget section */

/* Begin PBXProject section */
		D39046E62990DCB9002AFF90 /* Project object */ = {
			isa = PBXProject;
			attributes = {
				BuildIndependentTargetsInParallel = 1;
				LastSwiftUpdateCheck = 1420;
				LastUpgradeCheck = 1420;
				TargetAttributes = {
					D39046ED2990DCB9002AFF90 = {
						CreatedOnToolsVersion = 14.2;
					};
				};
			};
			buildConfigurationList = D39046E92990DCB9002AFF90 /* Build configuration list for PBXProject "Todo" */;
			compatibilityVersion = "Xcode 14.0";
			developmentRegion = en;
			hasScannedForEncodings = 0;
			knownRegions = (
				en,
				Base,
			);
			mainGroup = D39046E52990DCB9002AFF90;
			productRefGroup = D39046EF2990DCB9002AFF90 /* Products */;
			projectDirPath = "";
			projectRoot = "";
			targets = (
				D39046ED2990DCB9002AFF90 /* Todo */,
			);
		};
/* End PBXProject section */

/* Begin PBXResourcesBuildPhase section */
		D39046EC2990DCB9002AFF90 /* Resources */ = {
			isa = PBXResourcesBuildPhase;
			buildActionMask = 2147483647;
			files = (
				D39046F92990DCBA002AFF90 /* Preview Assets.xcassets in Resources */,
				D39046F62990DCBA002AFF90 /* Assets.xcassets in Resources */,
			);
			runOnlyForDeploymentPostprocessing = 0;
		};
/* End PBXResourcesBuildPhase section */

/* Begin PBXSourcesBuildPhase section */
		D39046EA2990DCB9002AFF90 /* Sources */ = {
			isa = PBXSourcesBuildPhase;
			buildActionMask = 2147483647;
			files = (
				D351D543299219C60013616A /* ListTasksView.swift in Sources */,
				D39046F42990DCB9002AFF90 /* ContentView.swift in Sources */,
				D390470C29916BD1002AFF90 /* TaskListVM.swift in Sources */,
				D3904707299161EB002AFF90 /* AddTaskView.swift in Sources */,
				D39047022990DF29002AFF90 /* Task.swift in Sources */,
				D39046F22990DCB9002AFF90 /* TodoApp.swift in Sources */,
				D390470529916139002AFF90 /* HeaderView.swift in Sources */,
			);
			runOnlyForDeploymentPostprocessing = 0;
		};
/* End PBXSourcesBuildPhase section */

/* Begin XCBuildConfiguration section */
		D39046FB2990DCBA002AFF90 /* Debug */ = {
			isa = XCBuildConfiguration;
			buildSettings = {
				ALWAYS_SEARCH_USER_PATHS = NO;
				CLANG_ANALYZER_NONNULL = YES;
				CLANG_ANALYZER_NUMBER_OBJECT_CONVERSION = YES_AGGRESSIVE;
				CLANG_CXX_LANGUAGE_STANDARD = "gnu++20";
				CLANG_ENABLE_MODULES = YES;
				CLANG_ENABLE_OBJC_ARC = YES;
				CLANG_ENABLE_OBJC_WEAK = YES;
				CLANG_WARN_BLOCK_CAPTURE_AUTORELEASING = YES;
				CLANG_WARN_BOOL_CONVERSION = YES;
				CLANG_WARN_COMMA = YES;
				CLANG_WARN_CONSTANT_CONVERSION = YES;
				CLANG_WARN_DEPRECATED_OBJC_IMPLEMENTATIONS = YES;
				CLANG_WARN_DIRECT_OBJC_ISA_USAGE = YES_ERROR;
				CLANG_WARN_DOCUMENTATION_COMMENTS = YES;
				CLANG_WARN_EMPTY_BODY = YES;
				CLANG_WARN_ENUM_CONVERSION = YES;
				CLANG_WARN_INFINITE_RECURSION = YES;
				CLANG_WARN_INT_CONVERSION = YES;
				CLANG_WARN_NON_LITERAL_NULL_CONVERSION = YES;
				CLANG_WARN_OBJC_IMPLICIT_RETAIN_SELF = YES;
				CLANG_WARN_OBJC_LITERAL_CONVERSION = YES;
				CLANG_WARN_OBJC_ROOT_CLASS = YES_ERROR;
				CLANG_WARN_QUOTED_INCLUDE_IN_FRAMEWORK_HEADER = YES;
				CLANG_WARN_RANGE_LOOP_ANALYSIS = YES;
				CLANG_WARN_STRICT_PROTOTYPES = YES;
				CLANG_WARN_SUSPICIOUS_MOVE = YES;
				CLANG_WARN_UNGUARDED_AVAILABILITY = YES_AGGRESSIVE;
				CLANG_WARN_UNREACHABLE_CODE = YES;
				CLANG_WARN__DUPLICATE_METHOD_MATCH = YES;
				COPY_PHASE_STRIP = NO;
				DEBUG_INFORMATION_FORMAT = dwarf;
				ENABLE_STRICT_OBJC_MSGSEND = YES;
				ENABLE_TESTABILITY = YES;
				GCC_C_LANGUAGE_STANDARD = gnu11;
				GCC_DYNAMIC_NO_PIC = NO;
				GCC_NO_COMMON_BLOCKS = YES;
				GCC_OPTIMIZATION_LEVEL = 0;
				GCC_PREPROCESSOR_DEFINITIONS = (
					"DEBUG=1",
					"$(inherited)",
				);
				GCC_WARN_64_TO_32_BIT_CONVERSION = YES;
				GCC_WARN_ABOUT_RETURN_TYPE = YES_ERROR;
				GCC_WARN_UNDECLARED_SELECTOR = YES;
				GCC_WARN_UNINITIALIZED_AUTOS = YES_AGGRESSIVE;
				GCC_WARN_UNUSED_FUNCTION = YES;
				GCC_WARN_UNUSED_VARIABLE = YES;
				MACOSX_DEPLOYMENT_TARGET = 13.1;
				MTL_ENABLE_DEBUG_INFO = INCLUDE_SOURCE;
				MTL_FAST_MATH = YES;
				ONLY_ACTIVE_ARCH = YES;
				SDKROOT = macosx;
				SWIFT_ACTIVE_COMPILATION_CONDITIONS = DEBUG;
				SWIFT_OPTIMIZATION_LEVEL = "-Onone";
			};
			name = Debug;
		};
		D39046FC2990DCBA002AFF90 /* Release */ = {
			isa = XCBuildConfiguration;
			buildSettings = {
				ALWAYS_SEARCH_USER_PATHS = NO;
				CLANG_ANALYZER_NONNULL = YES;
				CLANG_ANALYZER_NUMBER_OBJECT_CONVERSION = YES_AGGRESSIVE;
				CLANG_CXX_LANGUAGE_STANDARD = "gnu++20";
				CLANG_ENABLE_MODULES = YES;
				CLANG_ENABLE_OBJC_ARC = YES;
				CLANG_ENABLE_OBJC_WEAK = YES;
				CLANG_WARN_BLOCK_CAPTURE_AUTORELEASING = YES;
				CLANG_WARN_BOOL_CONVERSION = YES;
				CLANG_WARN_COMMA = YES;
				CLANG_WARN_CONSTANT_CONVERSION = YES;
				CLANG_WARN_DEPRECATED_OBJC_IMPLEMENTATIONS = YES;
				CLANG_WARN_DIRECT_OBJC_ISA_USAGE = YES_ERROR;
				CLANG_WARN_DOCUMENTATION_COMMENTS = YES;
				CLANG_WARN_EMPTY_BODY = YES;
				CLANG_WARN_ENUM_CONVERSION = YES;
				CLANG_WARN_INFINITE_RECURSION = YES;
				CLANG_WARN_INT_CONVERSION = YES;
				CLANG_WARN_NON_LITERAL_NULL_CONVERSION = YES;
				CLANG_WARN_OBJC_IMPLICIT_RETAIN_SELF = YES;
				CLANG_WARN_OBJC_LITERAL_CONVERSION = YES;
				CLANG_WARN_OBJC_ROOT_CLASS = YES_ERROR;
				CLANG_WARN_QUOTED_INCLUDE_IN_FRAMEWORK_HEADER = YES;
				CLANG_WARN_RANGE_LOOP_ANALYSIS = YES;
				CLANG_WARN_STRICT_PROTOTYPES = YES;
				CLANG_WARN_SUSPICIOUS_MOVE = YES;
				CLANG_WARN_UNGUARDED_AVAILABILITY = YES_AGGRESSIVE;
				CLANG_WARN_UNREACHABLE_CODE = YES;
				CLANG_WARN__DUPLICATE_METHOD_MATCH = YES;
				COPY_PHASE_STRIP = NO;
				DEBUG_INFORMATION_FORMAT = "dwarf-with-dsym";
				ENABLE_NS_ASSERTIONS = NO;
				ENABLE_STRICT_OBJC_MSGSEND = YES;
				GCC_C_LANGUAGE_STANDARD = gnu11;
				GCC_NO_COMMON_BLOCKS = YES;
				GCC_WARN_64_TO_32_BIT_CONVERSION = YES;
				GCC_WARN_ABOUT_RETURN_TYPE = YES_ERROR;
				GCC_WARN_UNDECLARED_SELECTOR = YES;
				GCC_WARN_UNINITIALIZED_AUTOS = YES_AGGRESSIVE;
				GCC_WARN_UNUSED_FUNCTION = YES;
				GCC_WARN_UNUSED_VARIABLE = YES;
				MACOSX_DEPLOYMENT_TARGET = 13.1;
				MTL_ENABLE_DEBUG_INFO = NO;
				MTL_FAST_MATH = YES;
				SDKROOT = macosx;
				SWIFT_COMPILATION_MODE = wholemodule;
				SWIFT_OPTIMIZATION_LEVEL = "-O";
			};
			name = Release;
		};
		D39046FE2990DCBA002AFF90 /* Debug */ = {
			isa = XCBuildConfiguration;
			buildSettings = {
				ASSETCATALOG_COMPILER_APPICON_NAME = AppIcon;
				ASSETCATALOG_COMPILER_GLOBAL_ACCENT_COLOR_NAME = AccentColor;
				CODE_SIGN_ENTITLEMENTS = Todo/Todo.entitlements;
				CODE_SIGN_STYLE = Automatic;
				COMBINE_HIDPI_IMAGES = YES;
				CURRENT_PROJECT_VERSION = 1;
				DEVELOPMENT_ASSET_PATHS = "\"Todo/Preview Content\"";
				ENABLE_PREVIEWS = YES;
				GENERATE_INFOPLIST_FILE = YES;
				INFOPLIST_KEY_NSHumanReadableCopyright = "";
				LD_RUNPATH_SEARCH_PATHS = (
					"$(inherited)",
					"@executable_path/../Frameworks",
				);
				MARKETING_VERSION = 1.0;
				PRODUCT_BUNDLE_IDENTIFIER = quantumrealm.Todo;
				PRODUCT_NAME = "$(TARGET_NAME)";
				SWIFT_EMIT_LOC_STRINGS = YES;
				SWIFT_VERSION = 5.0;
			};
			name = Debug;
		};
		D39046FF2990DCBA002AFF90 /* Release */ = {
			isa = XCBuildConfiguration;
			buildSettings = {
				ASSETCATALOG_COMPILER_APPICON_NAME = AppIcon;
				ASSETCATALOG_COMPILER_GLOBAL_ACCENT_COLOR_NAME = AccentColor;
				CODE_SIGN_ENTITLEMENTS = Todo/Todo.entitlements;
				CODE_SIGN_STYLE = Automatic;
				COMBINE_HIDPI_IMAGES = YES;
				CURRENT_PROJECT_VERSION = 1;
				DEVELOPMENT_ASSET_PATHS = "\"Todo/Preview Content\"";
				ENABLE_PREVIEWS = YES;
				GENERATE_INFOPLIST_FILE = YES;
				INFOPLIST_KEY_NSHumanReadableCopyright = "";
				LD_RUNPATH_SEARCH_PATHS = (
					"$(inherited)",
					"@executable_path/../Frameworks",
				);
				MARKETING_VERSION = 1.0;
				PRODUCT_BUNDLE_IDENTIFIER = quantumrealm.Todo;
				PRODUCT_NAME = "$(TARGET_NAME)";
				SWIFT_EMIT_LOC_STRINGS = YES;
				SWIFT_VERSION = 5.0;
			};
			name = Release;
		};
/* End XCBuildConfiguration section */

/* Begin XCConfigurationList section */
		D39046E92990DCB9002AFF90 /* Build configuration list for PBXProject "Todo" */ = {
			isa = XCConfigurationList;
			buildConfigurations = (
				D39046FB2990DCBA002AFF90 /* Debug */,
				D39046FC2990DCBA002AFF90 /* Release */,
			);
			defaultConfigurationIsVisible = 0;
			defaultConfigurationName = Release;
		};
		D39046FD2990DCBA002AFF90 /* Build configuration list for PBXNativeTarget "Todo" */ = {
			isa = XCConfigurationList;
			buildConfigurations = (
				D39046FE2990DCBA002AFF90 /* Debug */,
				D39046FF2990DCBA002AFF90 /* Release */,
			);
			defaultConfigurationIsVisible = 0;
			defaultConfigurationName = Release;
		};
/* End XCConfigurationList section */
	};
	rootObject = D39046E62990DCB9002AFF90 /* Project object */;
}
